// !$*UTF8*$!
{
	archiveVersion = 1;
	classes = {
	};
	objectVersion = 77;
	objects = {

/* Begin PBXBuildFile section */
		143E4FD12E3D5ECC0056DA9D /* SnapKit in Frameworks */ = {isa = PBXBuildFile; productRef = 143E4FD02E3D5ECC0056DA9D /* SnapKit */; };
		14DFF4A72E49D673005AAF2C /* DateFormatter+Extension.swift in Sources */ = {isa = PBXBuildFile; fileRef = 14DFF46D2E49D673005AAF2C /* DateFormatter+Extension.swift */; };
		14DFF4A82E49D673005AAF2C /* TodoCoreDataService.swift in Sources */ = {isa = PBXBuildFile; fileRef = 14DFF46B2E49D673005AAF2C /* TodoCoreDataService.swift */; };
		14DFF4A92E49D673005AAF2C /* MainTodoListProtocols.swift in Sources */ = {isa = PBXBuildFile; fileRef = 14DFF4912E49D673005AAF2C /* MainTodoListProtocols.swift */; };
		14DFF4AA2E49D673005AAF2C /* AddTaskInteractor.swift in Sources */ = {isa = PBXBuildFile; fileRef = 14DFF4752E49D673005AAF2C /* AddTaskInteractor.swift */; };
		14DFF4AB2E49D673005AAF2C /* EditTaskViewController.swift in Sources */ = {isa = PBXBuildFile; fileRef = 14DFF48A2E49D673005AAF2C /* EditTaskViewController.swift */; };
		14DFF4AC2E49D673005AAF2C /* AddTaskPresenter.swift in Sources */ = {isa = PBXBuildFile; fileRef = 14DFF4772E49D673005AAF2C /* AddTaskPresenter.swift */; };
		14DFF4AD2E49D673005AAF2C /* MainTodoListRouter.swift in Sources */ = {isa = PBXBuildFile; fileRef = 14DFF4932E49D673005AAF2C /* MainTodoListRouter.swift */; };
		14DFF4AE2E49D673005AAF2C /* AppDelegate.swift in Sources */ = {isa = PBXBuildFile; fileRef = 14DFF49E2E49D673005AAF2C /* AppDelegate.swift */; };
		14DFF4AF2E49D673005AAF2C /* AddTaskProtocols.swift in Sources */ = {isa = PBXBuildFile; fileRef = 14DFF4792E49D673005AAF2C /* AddTaskProtocols.swift */; };
		14DFF4B02E49D673005AAF2C /* SceneDelegate.swift in Sources */ = {isa = PBXBuildFile; fileRef = 14DFF4A32E49D673005AAF2C /* SceneDelegate.swift */; };
		14DFF4B12E49D673005AAF2C /* MainTodoListPresenter.swift in Sources */ = {isa = PBXBuildFile; fileRef = 14DFF48F2E49D673005AAF2C /* MainTodoListPresenter.swift */; };
		14DFF4B22E49D673005AAF2C /* MainTodoListViewController.swift in Sources */ = {isa = PBXBuildFile; fileRef = 14DFF4952E49D673005AAF2C /* MainTodoListViewController.swift */; };
		14DFF4B32E49D673005AAF2C /* EditTaskInteractor.swift in Sources */ = {isa = PBXBuildFile; fileRef = 14DFF4822E49D673005AAF2C /* EditTaskInteractor.swift */; };
		14DFF4B42E49D673005AAF2C /* BaseTaskViewController.swift in Sources */ = {isa = PBXBuildFile; fileRef = 14DFF4802E49D673005AAF2C /* BaseTaskViewController.swift */; };
		14DFF4B52E49D673005AAF2C /* Todo+Extensions.swift in Sources */ = {isa = PBXBuildFile; fileRef = 14DFF46E2E49D673005AAF2C /* Todo+Extensions.swift */; };
		14DFF4B62E49D673005AAF2C /* AddTaskViewController.swift in Sources */ = {isa = PBXBuildFile; fileRef = 14DFF47D2E49D673005AAF2C /* AddTaskViewController.swift */; };
		14DFF4B72E49D673005AAF2C /* AddTaskRouter.swift in Sources */ = {isa = PBXBuildFile; fileRef = 14DFF47B2E49D673005AAF2C /* AddTaskRouter.swift */; };
		14DFF4B82E49D673005AAF2C /* TodoNetworkService.swift in Sources */ = {isa = PBXBuildFile; fileRef = 14DFF49A2E49D673005AAF2C /* TodoNetworkService.swift */; };
		14DFF4B92E49D673005AAF2C /* EditTaskRouter.swift in Sources */ = {isa = PBXBuildFile; fileRef = 14DFF4882E49D673005AAF2C /* EditTaskRouter.swift */; };
		14DFF4BA2E49D673005AAF2C /* EditTaskProtocols.swift in Sources */ = {isa = PBXBuildFile; fileRef = 14DFF4862E49D673005AAF2C /* EditTaskProtocols.swift */; };
		14DFF4BB2E49D673005AAF2C /* ToDoEntity.swift in Sources */ = {isa = PBXBuildFile; fileRef = 14DFF4722E49D673005AAF2C /* ToDoEntity.swift */; };
		14DFF4BC2E49D673005AAF2C /* TodoTableViewCell.swift in Sources */ = {isa = PBXBuildFile; fileRef = 14DFF4962E49D673005AAF2C /* TodoTableViewCell.swift */; };
		14DFF4BD2E49D673005AAF2C /* MainTodoListInteractor.swift in Sources */ = {isa = PBXBuildFile; fileRef = 14DFF48D2E49D673005AAF2C /* MainTodoListInteractor.swift */; };
		14DFF4BE2E49D673005AAF2C /* TodoNetworkServiceProtocol.swift in Sources */ = {isa = PBXBuildFile; fileRef = 14DFF49B2E49D673005AAF2C /* TodoNetworkServiceProtocol.swift */; };
		14DFF4BF2E49D673005AAF2C /* EditTaskPresenter.swift in Sources */ = {isa = PBXBuildFile; fileRef = 14DFF4842E49D673005AAF2C /* EditTaskPresenter.swift */; };
		14DFF4C02E49D673005AAF2C /* ToDoApp.xcdatamodeld in Sources */ = {isa = PBXBuildFile; fileRef = 14DFF4A42E49D673005AAF2C /* ToDoApp.xcdatamodeld */; };
		14DFF4C12E49D673005AAF2C /* LaunchScreen.storyboard in Resources */ = {isa = PBXBuildFile; fileRef = 14DFF4A22E49D673005AAF2C /* LaunchScreen.storyboard */; };
		14DFF4C42E49D673005AAF2C /* DateFormatter+Extension.swift in Sources */ = {isa = PBXBuildFile; fileRef = 14DFF46D2E49D673005AAF2C /* DateFormatter+Extension.swift */; };
		14DFF4C52E49D673005AAF2C /* TodoCoreDataService.swift in Sources */ = {isa = PBXBuildFile; fileRef = 14DFF46B2E49D673005AAF2C /* TodoCoreDataService.swift */; };
		14DFF4C62E49D673005AAF2C /* MainTodoListProtocols.swift in Sources */ = {isa = PBXBuildFile; fileRef = 14DFF4912E49D673005AAF2C /* MainTodoListProtocols.swift */; };
		14DFF4C72E49D673005AAF2C /* AddTaskInteractor.swift in Sources */ = {isa = PBXBuildFile; fileRef = 14DFF4752E49D673005AAF2C /* AddTaskInteractor.swift */; };
		14DFF4C82E49D673005AAF2C /* EditTaskViewController.swift in Sources */ = {isa = PBXBuildFile; fileRef = 14DFF48A2E49D673005AAF2C /* EditTaskViewController.swift */; };
		14DFF4C92E49D673005AAF2C /* AddTaskPresenter.swift in Sources */ = {isa = PBXBuildFile; fileRef = 14DFF4772E49D673005AAF2C /* AddTaskPresenter.swift */; };
		14DFF4CA2E49D673005AAF2C /* MainTodoListRouter.swift in Sources */ = {isa = PBXBuildFile; fileRef = 14DFF4932E49D673005AAF2C /* MainTodoListRouter.swift */; };
		14DFF4CB2E49D673005AAF2C /* AppDelegate.swift in Sources */ = {isa = PBXBuildFile; fileRef = 14DFF49E2E49D673005AAF2C /* AppDelegate.swift */; };
		14DFF4CC2E49D673005AAF2C /* AddTaskProtocols.swift in Sources */ = {isa = PBXBuildFile; fileRef = 14DFF4792E49D673005AAF2C /* AddTaskProtocols.swift */; };
		14DFF4CD2E49D673005AAF2C /* SceneDelegate.swift in Sources */ = {isa = PBXBuildFile; fileRef = 14DFF4A32E49D673005AAF2C /* SceneDelegate.swift */; };
		14DFF4CE2E49D673005AAF2C /* MainTodoListPresenter.swift in Sources */ = {isa = PBXBuildFile; fileRef = 14DFF48F2E49D673005AAF2C /* MainTodoListPresenter.swift */; };
		14DFF4CF2E49D673005AAF2C /* MainTodoListViewController.swift in Sources */ = {isa = PBXBuildFile; fileRef = 14DFF4952E49D673005AAF2C /* MainTodoListViewController.swift */; };
		14DFF4D02E49D673005AAF2C /* EditTaskInteractor.swift in Sources */ = {isa = PBXBuildFile; fileRef = 14DFF4822E49D673005AAF2C /* EditTaskInteractor.swift */; };
		14DFF4D12E49D673005AAF2C /* BaseTaskViewController.swift in Sources */ = {isa = PBXBuildFile; fileRef = 14DFF4802E49D673005AAF2C /* BaseTaskViewController.swift */; };
		14DFF4D22E49D673005AAF2C /* Todo+Extensions.swift in Sources */ = {isa = PBXBuildFile; fileRef = 14DFF46E2E49D673005AAF2C /* Todo+Extensions.swift */; };
		14DFF4D32E49D673005AAF2C /* AddTaskViewController.swift in Sources */ = {isa = PBXBuildFile; fileRef = 14DFF47D2E49D673005AAF2C /* AddTaskViewController.swift */; };
		14DFF4D42E49D673005AAF2C /* AddTaskRouter.swift in Sources */ = {isa = PBXBuildFile; fileRef = 14DFF47B2E49D673005AAF2C /* AddTaskRouter.swift */; };
		14DFF4D52E49D673005AAF2C /* TodoNetworkService.swift in Sources */ = {isa = PBXBuildFile; fileRef = 14DFF49A2E49D673005AAF2C /* TodoNetworkService.swift */; };
		14DFF4D62E49D673005AAF2C /* EditTaskRouter.swift in Sources */ = {isa = PBXBuildFile; fileRef = 14DFF4882E49D673005AAF2C /* EditTaskRouter.swift */; };
		14DFF4D72E49D673005AAF2C /* EditTaskProtocols.swift in Sources */ = {isa = PBXBuildFile; fileRef = 14DFF4862E49D673005AAF2C /* EditTaskProtocols.swift */; };
		14DFF4D82E49D673005AAF2C /* ToDoEntity.swift in Sources */ = {isa = PBXBuildFile; fileRef = 14DFF4722E49D673005AAF2C /* ToDoEntity.swift */; };
		14DFF4D92E49D673005AAF2C /* TodoTableViewCell.swift in Sources */ = {isa = PBXBuildFile; fileRef = 14DFF4962E49D673005AAF2C /* TodoTableViewCell.swift */; };
		14DFF4DA2E49D673005AAF2C /* MainTodoListInteractor.swift in Sources */ = {isa = PBXBuildFile; fileRef = 14DFF48D2E49D673005AAF2C /* MainTodoListInteractor.swift */; };
		14DFF4DB2E49D673005AAF2C /* TodoNetworkServiceProtocol.swift in Sources */ = {isa = PBXBuildFile; fileRef = 14DFF49B2E49D673005AAF2C /* TodoNetworkServiceProtocol.swift */; };
		14DFF4DC2E49D673005AAF2C /* EditTaskPresenter.swift in Sources */ = {isa = PBXBuildFile; fileRef = 14DFF4842E49D673005AAF2C /* EditTaskPresenter.swift */; };
		14DFF4DD2E49D673005AAF2C /* ToDoApp.xcdatamodeld in Sources */ = {isa = PBXBuildFile; fileRef = 14DFF4A42E49D673005AAF2C /* ToDoApp.xcdatamodeld */; };
		14DFF4DE2E49D673005AAF2C /* LaunchScreen.storyboard in Resources */ = {isa = PBXBuildFile; fileRef = 14DFF4A22E49D673005AAF2C /* LaunchScreen.storyboard */; };
		14DFF4DF2E49D673005AAF2C /* Assets.xcassets in Resources */ = {isa = PBXBuildFile; fileRef = 14DFF49F2E49D673005AAF2C /* Assets.xcassets */; };
		14DFF4E12E49D778005AAF2C /* Assets.xcassets in Resources */ = {isa = PBXBuildFile; fileRef = 14DFF49F2E49D673005AAF2C /* Assets.xcassets */; };
/* End PBXBuildFile section */

/* Begin PBXContainerItemProxy section */
		14958E782E3C08A30029B139 /* PBXContainerItemProxy */ = {
			isa = PBXContainerItemProxy;
			containerPortal = 14958E562E3C08A00029B139 /* Project object */;
			proxyType = 1;
			remoteGlobalIDString = 14958E5D2E3C08A00029B139;
			remoteInfo = ToDoApp;
		};
		14958E822E3C08A30029B139 /* PBXContainerItemProxy */ = {
			isa = PBXContainerItemProxy;
			containerPortal = 14958E562E3C08A00029B139 /* Project object */;
			proxyType = 1;
			remoteGlobalIDString = 14958E5D2E3C08A00029B139;
			remoteInfo = ToDoApp;
		};
/* End PBXContainerItemProxy section */

/* Begin PBXFileReference section */
		14958E5E2E3C08A00029B139 /* ToDoApp.app */ = {isa = PBXFileReference; explicitFileType = wrapper.application; includeInIndex = 0; path = ToDoApp.app; sourceTree = BUILT_PRODUCTS_DIR; };
		14958E772E3C08A30029B139 /* ToDoAppTests.xctest */ = {isa = PBXFileReference; explicitFileType = wrapper.cfbundle; includeInIndex = 0; path = ToDoAppTests.xctest; sourceTree = BUILT_PRODUCTS_DIR; };
		14958E812E3C08A30029B139 /* ToDoAppUITests.xctest */ = {isa = PBXFileReference; explicitFileType = wrapper.cfbundle; includeInIndex = 0; path = ToDoAppUITests.xctest; sourceTree = BUILT_PRODUCTS_DIR; };
		14DFF46B2E49D673005AAF2C /* TodoCoreDataService.swift */ = {isa = PBXFileReference; lastKnownFileType = sourcecode.swift; path = TodoCoreDataService.swift; sourceTree = "<group>"; };
		14DFF46D2E49D673005AAF2C /* DateFormatter+Extension.swift */ = {isa = PBXFileReference; lastKnownFileType = sourcecode.swift; path = "DateFormatter+Extension.swift"; sourceTree = "<group>"; };
		14DFF46E2E49D673005AAF2C /* Todo+Extensions.swift */ = {isa = PBXFileReference; lastKnownFileType = sourcecode.swift; path = "Todo+Extensions.swift"; sourceTree = "<group>"; };
		14DFF4722E49D673005AAF2C /* ToDoEntity.swift */ = {isa = PBXFileReference; lastKnownFileType = sourcecode.swift; path = ToDoEntity.swift; sourceTree = "<group>"; };
		14DFF4752E49D673005AAF2C /* AddTaskInteractor.swift */ = {isa = PBXFileReference; lastKnownFileType = sourcecode.swift; path = AddTaskInteractor.swift; sourceTree = "<group>"; };
		14DFF4772E49D673005AAF2C /* AddTaskPresenter.swift */ = {isa = PBXFileReference; lastKnownFileType = sourcecode.swift; path = AddTaskPresenter.swift; sourceTree = "<group>"; };
		14DFF4792E49D673005AAF2C /* AddTaskProtocols.swift */ = {isa = PBXFileReference; lastKnownFileType = sourcecode.swift; path = AddTaskProtocols.swift; sourceTree = "<group>"; };
		14DFF47B2E49D673005AAF2C /* AddTaskRouter.swift */ = {isa = PBXFileReference; lastKnownFileType = sourcecode.swift; path = AddTaskRouter.swift; sourceTree = "<group>"; };
		14DFF47D2E49D673005AAF2C /* AddTaskViewController.swift */ = {isa = PBXFileReference; lastKnownFileType = sourcecode.swift; path = AddTaskViewController.swift; sourceTree = "<group>"; };
		14DFF4802E49D673005AAF2C /* BaseTaskViewController.swift */ = {isa = PBXFileReference; lastKnownFileType = sourcecode.swift; path = BaseTaskViewController.swift; sourceTree = "<group>"; };
		14DFF4822E49D673005AAF2C /* EditTaskInteractor.swift */ = {isa = PBXFileReference; lastKnownFileType = sourcecode.swift; path = EditTaskInteractor.swift; sourceTree = "<group>"; };
		14DFF4842E49D673005AAF2C /* EditTaskPresenter.swift */ = {isa = PBXFileReference; lastKnownFileType = sourcecode.swift; path = EditTaskPresenter.swift; sourceTree = "<group>"; };
		14DFF4862E49D673005AAF2C /* EditTaskProtocols.swift */ = {isa = PBXFileReference; lastKnownFileType = sourcecode.swift; path = EditTaskProtocols.swift; sourceTree = "<group>"; };
		14DFF4882E49D673005AAF2C /* EditTaskRouter.swift */ = {isa = PBXFileReference; lastKnownFileType = sourcecode.swift; path = EditTaskRouter.swift; sourceTree = "<group>"; };
		14DFF48A2E49D673005AAF2C /* EditTaskViewController.swift */ = {isa = PBXFileReference; lastKnownFileType = sourcecode.swift; path = EditTaskViewController.swift; sourceTree = "<group>"; };
		14DFF48D2E49D673005AAF2C /* MainTodoListInteractor.swift */ = {isa = PBXFileReference; lastKnownFileType = sourcecode.swift; path = MainTodoListInteractor.swift; sourceTree = "<group>"; };
		14DFF48F2E49D673005AAF2C /* MainTodoListPresenter.swift */ = {isa = PBXFileReference; lastKnownFileType = sourcecode.swift; path = MainTodoListPresenter.swift; sourceTree = "<group>"; };
		14DFF4912E49D673005AAF2C /* MainTodoListProtocols.swift */ = {isa = PBXFileReference; lastKnownFileType = sourcecode.swift; path = MainTodoListProtocols.swift; sourceTree = "<group>"; };
		14DFF4932E49D673005AAF2C /* MainTodoListRouter.swift */ = {isa = PBXFileReference; lastKnownFileType = sourcecode.swift; path = MainTodoListRouter.swift; sourceTree = "<group>"; };
		14DFF4952E49D673005AAF2C /* MainTodoListViewController.swift */ = {isa = PBXFileReference; lastKnownFileType = sourcecode.swift; path = MainTodoListViewController.swift; sourceTree = "<group>"; };
		14DFF4962E49D673005AAF2C /* TodoTableViewCell.swift */ = {isa = PBXFileReference; lastKnownFileType = sourcecode.swift; path = TodoTableViewCell.swift; sourceTree = "<group>"; };
		14DFF49A2E49D673005AAF2C /* TodoNetworkService.swift */ = {isa = PBXFileReference; lastKnownFileType = sourcecode.swift; path = TodoNetworkService.swift; sourceTree = "<group>"; };
		14DFF49B2E49D673005AAF2C /* TodoNetworkServiceProtocol.swift */ = {isa = PBXFileReference; lastKnownFileType = sourcecode.swift; path = TodoNetworkServiceProtocol.swift; sourceTree = "<group>"; };
		14DFF49E2E49D673005AAF2C /* AppDelegate.swift */ = {isa = PBXFileReference; lastKnownFileType = sourcecode.swift; path = AppDelegate.swift; sourceTree = "<group>"; };
		14DFF49F2E49D673005AAF2C /* Assets.xcassets */ = {isa = PBXFileReference; lastKnownFileType = folder.assetcatalog; path = Assets.xcassets; sourceTree = "<group>"; };
		14DFF4A02E49D673005AAF2C /* Info.plist */ = {isa = PBXFileReference; lastKnownFileType = text.plist.xml; path = Info.plist; sourceTree = "<group>"; };
		14DFF4A12E49D673005AAF2C /* Base */ = {isa = PBXFileReference; lastKnownFileType = file.storyboard; name = Base; path = Base.lproj/LaunchScreen.storyboard; sourceTree = "<group>"; };
		14DFF4A32E49D673005AAF2C /* SceneDelegate.swift */ = {isa = PBXFileReference; lastKnownFileType = sourcecode.swift; path = SceneDelegate.swift; sourceTree = "<group>"; };
		14DFF4A62E49D673005AAF2C /* ToDoApp.xcdatamodel */ = {isa = PBXFileReference; lastKnownFileType = wrapper.xcdatamodel; path = ToDoApp.xcdatamodel; sourceTree = "<group>"; };
/* End PBXFileReference section */

/* Begin PBXFileSystemSynchronizedRootGroup section */
		14958E7A2E3C08A30029B139 /* ToDoAppTests */ = {
			isa = PBXFileSystemSynchronizedRootGroup;
			path = ToDoAppTests;
			sourceTree = "<group>";
		};
		14958E842E3C08A30029B139 /* ToDoAppUITests */ = {
			isa = PBXFileSystemSynchronizedRootGroup;
			path = ToDoAppUITests;
			sourceTree = "<group>";
		};
/* End PBXFileSystemSynchronizedRootGroup section */

/* Begin PBXFrameworksBuildPhase section */
		14958E5B2E3C08A00029B139 /* Frameworks */ = {
			isa = PBXFrameworksBuildPhase;
			buildActionMask = 2147483647;
			files = (
				143E4FD12E3D5ECC0056DA9D /* SnapKit in Frameworks */,
			);
			runOnlyForDeploymentPostprocessing = 0;
		};
		14958E742E3C08A30029B139 /* Frameworks */ = {
			isa = PBXFrameworksBuildPhase;
			buildActionMask = 2147483647;
			files = (
			);
			runOnlyForDeploymentPostprocessing = 0;
		};
		14958E7E2E3C08A30029B139 /* Frameworks */ = {
			isa = PBXFrameworksBuildPhase;
			buildActionMask = 2147483647;
			files = (
			);
			runOnlyForDeploymentPostprocessing = 0;
		};
/* End PBXFrameworksBuildPhase section */

/* Begin PBXGroup section */
		14958E552E3C08A00029B139 = {
			isa = PBXGroup;
			children = (
				14DFF4A52E49D673005AAF2C /* ToDoApp */,
				14958E7A2E3C08A30029B139 /* ToDoAppTests */,
				14958E842E3C08A30029B139 /* ToDoAppUITests */,
				14958E5F2E3C08A00029B139 /* Products */,
			);
			sourceTree = "<group>";
		};
		14958E5F2E3C08A00029B139 /* Products */ = {
			isa = PBXGroup;
			children = (
				14958E5E2E3C08A00029B139 /* ToDoApp.app */,
				14958E772E3C08A30029B139 /* ToDoAppTests.xctest */,
				14958E812E3C08A30029B139 /* ToDoAppUITests.xctest */,
			);
			name = Products;
			sourceTree = "<group>";
		};
		14DFF46C2E49D673005AAF2C /* CoreData */ = {
			isa = PBXGroup;
			children = (
				14DFF46B2E49D673005AAF2C /* TodoCoreDataService.swift */,
			);
			path = CoreData;
			sourceTree = "<group>";
		};
		14DFF46F2E49D673005AAF2C /* Extensions */ = {
			isa = PBXGroup;
			children = (
				14DFF46D2E49D673005AAF2C /* DateFormatter+Extension.swift */,
				14DFF46E2E49D673005AAF2C /* Todo+Extensions.swift */,
			);
			path = Extensions;
			sourceTree = "<group>";
		};
		14DFF4702E49D673005AAF2C /* Helpers */ = {
			isa = PBXGroup;
			children = (
			);
			path = Helpers;
			sourceTree = "<group>";
		};
		14DFF4712E49D673005AAF2C /* Core */ = {
			isa = PBXGroup;
			children = (
				14DFF46C2E49D673005AAF2C /* CoreData */,
				14DFF46F2E49D673005AAF2C /* Extensions */,
				14DFF4702E49D673005AAF2C /* Helpers */,
			);
			path = Core;
			sourceTree = "<group>";
		};
		14DFF4732E49D673005AAF2C /* Entity */ = {
			isa = PBXGroup;
			children = (
				14DFF4722E49D673005AAF2C /* ToDoEntity.swift */,
			);
			path = Entity;
			sourceTree = "<group>";
		};
		14DFF4742E49D673005AAF2C /* Models */ = {
			isa = PBXGroup;
			children = (
				14DFF4732E49D673005AAF2C /* Entity */,
			);
			path = Models;
			sourceTree = "<group>";
		};
		14DFF4762E49D673005AAF2C /* Interactor */ = {
			isa = PBXGroup;
			children = (
				14DFF4752E49D673005AAF2C /* AddTaskInteractor.swift */,
			);
			path = Interactor;
			sourceTree = "<group>";
		};
		14DFF4782E49D673005AAF2C /* Presenter */ = {
			isa = PBXGroup;
			children = (
				14DFF4772E49D673005AAF2C /* AddTaskPresenter.swift */,
			);
			path = Presenter;
			sourceTree = "<group>";
		};
		14DFF47A2E49D673005AAF2C /* Protocols */ = {
			isa = PBXGroup;
			children = (
				14DFF4792E49D673005AAF2C /* AddTaskProtocols.swift */,
			);
			path = Protocols;
			sourceTree = "<group>";
		};
		14DFF47C2E49D673005AAF2C /* Router */ = {
			isa = PBXGroup;
			children = (
				14DFF47B2E49D673005AAF2C /* AddTaskRouter.swift */,
			);
			path = Router;
			sourceTree = "<group>";
		};
		14DFF47E2E49D673005AAF2C /* View */ = {
			isa = PBXGroup;
			children = (
				14DFF47D2E49D673005AAF2C /* AddTaskViewController.swift */,
			);
			path = View;
			sourceTree = "<group>";
		};
		14DFF47F2E49D673005AAF2C /* AddTask */ = {
			isa = PBXGroup;
			children = (
				14DFF4762E49D673005AAF2C /* Interactor */,
				14DFF4782E49D673005AAF2C /* Presenter */,
				14DFF47A2E49D673005AAF2C /* Protocols */,
				14DFF47C2E49D673005AAF2C /* Router */,
				14DFF47E2E49D673005AAF2C /* View */,
			);
			path = AddTask;
			sourceTree = "<group>";
		};
		14DFF4812E49D673005AAF2C /* BaseTaskViewController */ = {
			isa = PBXGroup;
			children = (
				14DFF4802E49D673005AAF2C /* BaseTaskViewController.swift */,
			);
			path = BaseTaskViewController;
			sourceTree = "<group>";
		};
		14DFF4832E49D673005AAF2C /* Interactor */ = {
			isa = PBXGroup;
			children = (
				14DFF4822E49D673005AAF2C /* EditTaskInteractor.swift */,
			);
			path = Interactor;
			sourceTree = "<group>";
		};
		14DFF4852E49D673005AAF2C /* Presenter */ = {
			isa = PBXGroup;
			children = (
				14DFF4842E49D673005AAF2C /* EditTaskPresenter.swift */,
			);
			path = Presenter;
			sourceTree = "<group>";
		};
		14DFF4872E49D673005AAF2C /* Protocols */ = {
			isa = PBXGroup;
			children = (
				14DFF4862E49D673005AAF2C /* EditTaskProtocols.swift */,
			);
			path = Protocols;
			sourceTree = "<group>";
		};
		14DFF4892E49D673005AAF2C /* Router */ = {
			isa = PBXGroup;
			children = (
				14DFF4882E49D673005AAF2C /* EditTaskRouter.swift */,
			);
			path = Router;
			sourceTree = "<group>";
		};
		14DFF48B2E49D673005AAF2C /* View */ = {
			isa = PBXGroup;
			children = (
				14DFF48A2E49D673005AAF2C /* EditTaskViewController.swift */,
			);
			path = View;
			sourceTree = "<group>";
		};
		14DFF48C2E49D673005AAF2C /* EditTask */ = {
			isa = PBXGroup;
			children = (
				14DFF4832E49D673005AAF2C /* Interactor */,
				14DFF4852E49D673005AAF2C /* Presenter */,
				14DFF4872E49D673005AAF2C /* Protocols */,
				14DFF4892E49D673005AAF2C /* Router */,
				14DFF48B2E49D673005AAF2C /* View */,
			);
			path = EditTask;
			sourceTree = "<group>";
		};
		14DFF48E2E49D673005AAF2C /* Interactor */ = {
			isa = PBXGroup;
			children = (
				14DFF48D2E49D673005AAF2C /* MainTodoListInteractor.swift */,
			);
			path = Interactor;
			sourceTree = "<group>";
		};
		14DFF4902E49D673005AAF2C /* Presenter */ = {
			isa = PBXGroup;
			children = (
				14DFF48F2E49D673005AAF2C /* MainTodoListPresenter.swift */,
			);
			path = Presenter;
			sourceTree = "<group>";
		};
		14DFF4922E49D673005AAF2C /* Protocols */ = {
			isa = PBXGroup;
			children = (
				14DFF4912E49D673005AAF2C /* MainTodoListProtocols.swift */,
			);
			path = Protocols;
			sourceTree = "<group>";
		};
		14DFF4942E49D673005AAF2C /* Router */ = {
			isa = PBXGroup;
			children = (
				14DFF4932E49D673005AAF2C /* MainTodoListRouter.swift */,
			);
			path = Router;
			sourceTree = "<group>";
		};
		14DFF4972E49D673005AAF2C /* View */ = {
			isa = PBXGroup;
			children = (
				14DFF4952E49D673005AAF2C /* MainTodoListViewController.swift */,
				14DFF4962E49D673005AAF2C /* TodoTableViewCell.swift */,
			);
			path = View;
			sourceTree = "<group>";
		};
		14DFF4982E49D673005AAF2C /* MainToDoList */ = {
			isa = PBXGroup;
			children = (
				14DFF48E2E49D673005AAF2C /* Interactor */,
				14DFF4902E49D673005AAF2C /* Presenter */,
				14DFF4922E49D673005AAF2C /* Protocols */,
				14DFF4942E49D673005AAF2C /* Router */,
				14DFF4972E49D673005AAF2C /* View */,
			);
			path = MainToDoList;
			sourceTree = "<group>";
		};
		14DFF4992E49D673005AAF2C /* Modules */ = {
			isa = PBXGroup;
			children = (
				14DFF47F2E49D673005AAF2C /* AddTask */,
				14DFF4812E49D673005AAF2C /* BaseTaskViewController */,
				14DFF48C2E49D673005AAF2C /* EditTask */,
				14DFF4982E49D673005AAF2C /* MainToDoList */,
			);
			path = Modules;
			sourceTree = "<group>";
		};
		14DFF49C2E49D673005AAF2C /* Network */ = {
			isa = PBXGroup;
			children = (
				14DFF49A2E49D673005AAF2C /* TodoNetworkService.swift */,
				14DFF49B2E49D673005AAF2C /* TodoNetworkServiceProtocol.swift */,
			);
			path = Network;
			sourceTree = "<group>";
		};
		14DFF49D2E49D673005AAF2C /* Resources */ = {
			isa = PBXGroup;
			children = (
			);
			path = Resources;
			sourceTree = "<group>";
		};
		14DFF4A52E49D673005AAF2C /* ToDoApp */ = {
			isa = PBXGroup;
			children = (
				14DFF4712E49D673005AAF2C /* Core */,
				14DFF4742E49D673005AAF2C /* Models */,
				14DFF4992E49D673005AAF2C /* Modules */,
				14DFF49C2E49D673005AAF2C /* Network */,
				14DFF49D2E49D673005AAF2C /* Resources */,
				14DFF49E2E49D673005AAF2C /* AppDelegate.swift */,
				14DFF49F2E49D673005AAF2C /* Assets.xcassets */,
				14DFF4A02E49D673005AAF2C /* Info.plist */,
				14DFF4A22E49D673005AAF2C /* LaunchScreen.storyboard */,
				14DFF4A32E49D673005AAF2C /* SceneDelegate.swift */,
				14DFF4A42E49D673005AAF2C /* ToDoApp.xcdatamodeld */,
			);
			path = ToDoApp;
			sourceTree = "<group>";
		};
/* End PBXGroup section */

/* Begin PBXNativeTarget section */
		14958E5D2E3C08A00029B139 /* ToDoApp */ = {
			isa = PBXNativeTarget;
			buildConfigurationList = 14958E8A2E3C08A30029B139 /* Build configuration list for PBXNativeTarget "ToDoApp" */;
			buildPhases = (
				14958E5A2E3C08A00029B139 /* Sources */,
				14958E5B2E3C08A00029B139 /* Frameworks */,
				14958E5C2E3C08A00029B139 /* Resources */,
			);
			buildRules = (
			);
			dependencies = (
			);
			name = ToDoApp;
			packageProductDependencies = (
				143E4FD02E3D5ECC0056DA9D /* SnapKit */,
			);
			productName = ToDoApp;
			productReference = 14958E5E2E3C08A00029B139 /* ToDoApp.app */;
			productType = "com.apple.product-type.application";
		};
		14958E762E3C08A30029B139 /* ToDoAppTests */ = {
			isa = PBXNativeTarget;
			buildConfigurationList = 14958E8F2E3C08A30029B139 /* Build configuration list for PBXNativeTarget "ToDoAppTests" */;
			buildPhases = (
				14958E732E3C08A30029B139 /* Sources */,
				14958E742E3C08A30029B139 /* Frameworks */,
				14958E752E3C08A30029B139 /* Resources */,
			);
			buildRules = (
			);
			dependencies = (
				14958E792E3C08A30029B139 /* PBXTargetDependency */,
			);
			fileSystemSynchronizedGroups = (
				14958E7A2E3C08A30029B139 /* ToDoAppTests */,
			);
			name = ToDoAppTests;
			packageProductDependencies = (
			);
			productName = ToDoAppTests;
			productReference = 14958E772E3C08A30029B139 /* ToDoAppTests.xctest */;
			productType = "com.apple.product-type.bundle.unit-test";
		};
		14958E802E3C08A30029B139 /* ToDoAppUITests */ = {
			isa = PBXNativeTarget;
			buildConfigurationList = 14958E922E3C08A30029B139 /* Build configuration list for PBXNativeTarget "ToDoAppUITests" */;
			buildPhases = (
				14958E7D2E3C08A30029B139 /* Sources */,
				14958E7E2E3C08A30029B139 /* Frameworks */,
				14958E7F2E3C08A30029B139 /* Resources */,
			);
			buildRules = (
			);
			dependencies = (
				14958E832E3C08A30029B139 /* PBXTargetDependency */,
			);
			fileSystemSynchronizedGroups = (
				14958E842E3C08A30029B139 /* ToDoAppUITests */,
			);
			name = ToDoAppUITests;
			packageProductDependencies = (
			);
			productName = ToDoAppUITests;
			productReference = 14958E812E3C08A30029B139 /* ToDoAppUITests.xctest */;
			productType = "com.apple.product-type.bundle.ui-testing";
		};
/* End PBXNativeTarget section */

/* Begin PBXProject section */
		14958E562E3C08A00029B139 /* Project object */ = {
			isa = PBXProject;
			attributes = {
				BuildIndependentTargetsInParallel = 1;
				LastSwiftUpdateCheck = 1640;
				LastUpgradeCheck = 1640;
				TargetAttributes = {
					14958E5D2E3C08A00029B139 = {
						CreatedOnToolsVersion = 16.4;
					};
					14958E762E3C08A30029B139 = {
						CreatedOnToolsVersion = 16.4;
						TestTargetID = 14958E5D2E3C08A00029B139;
					};
					14958E802E3C08A30029B139 = {
						CreatedOnToolsVersion = 16.4;
						TestTargetID = 14958E5D2E3C08A00029B139;
					};
				};
			};
			buildConfigurationList = 14958E592E3C08A00029B139 /* Build configuration list for PBXProject "ToDoApp" */;
			developmentRegion = en;
			hasScannedForEncodings = 0;
			knownRegions = (
				en,
				Base,
			);
			mainGroup = 14958E552E3C08A00029B139;
			minimizedProjectReferenceProxies = 1;
			packageReferences = (
				143E4FCF2E3D5ECC0056DA9D /* XCRemoteSwiftPackageReference "SnapKit" */,
			);
			preferredProjectObjectVersion = 77;
			productRefGroup = 14958E5F2E3C08A00029B139 /* Products */;
			projectDirPath = "";
			projectRoot = "";
			targets = (
				14958E5D2E3C08A00029B139 /* ToDoApp */,
				14958E762E3C08A30029B139 /* ToDoAppTests */,
				14958E802E3C08A30029B139 /* ToDoAppUITests */,
			);
		};
/* End PBXProject section */

/* Begin PBXResourcesBuildPhase section */
		14958E5C2E3C08A00029B139 /* Resources */ = {
			isa = PBXResourcesBuildPhase;
			buildActionMask = 2147483647;
			files = (
				14DFF4E12E49D778005AAF2C /* Assets.xcassets in Resources */,
				14DFF4C12E49D673005AAF2C /* LaunchScreen.storyboard in Resources */,
			);
			runOnlyForDeploymentPostprocessing = 0;
		};
		14958E752E3C08A30029B139 /* Resources */ = {
			isa = PBXResourcesBuildPhase;
			buildActionMask = 2147483647;
			files = (
				14DFF4DE2E49D673005AAF2C /* LaunchScreen.storyboard in Resources */,
				14DFF4DF2E49D673005AAF2C /* Assets.xcassets in Resources */,
			);
			runOnlyForDeploymentPostprocessing = 0;
		};
		14958E7F2E3C08A30029B139 /* Resources */ = {
			isa = PBXResourcesBuildPhase;
			buildActionMask = 2147483647;
			files = (
			);
			runOnlyForDeploymentPostprocessing = 0;
		};
/* End PBXResourcesBuildPhase section */

/* Begin PBXSourcesBuildPhase section */
		14958E5A2E3C08A00029B139 /* Sources */ = {
			isa = PBXSourcesBuildPhase;
			buildActionMask = 2147483647;
			files = (
				14DFF4A72E49D673005AAF2C /* DateFormatter+Extension.swift in Sources */,
				14DFF4A82E49D673005AAF2C /* TodoCoreDataService.swift in Sources */,
				14DFF4A92E49D673005AAF2C /* MainTodoListProtocols.swift in Sources */,
				14DFF4AA2E49D673005AAF2C /* AddTaskInteractor.swift in Sources */,
				14DFF4AB2E49D673005AAF2C /* EditTaskViewController.swift in Sources */,
				14DFF4AC2E49D673005AAF2C /* AddTaskPresenter.swift in Sources */,
				14DFF4AD2E49D673005AAF2C /* MainTodoListRouter.swift in Sources */,
				14DFF4AE2E49D673005AAF2C /* AppDelegate.swift in Sources */,
				14DFF4AF2E49D673005AAF2C /* AddTaskProtocols.swift in Sources */,
				14DFF4B02E49D673005AAF2C /* SceneDelegate.swift in Sources */,
				14DFF4B12E49D673005AAF2C /* MainTodoListPresenter.swift in Sources */,
				14DFF4B22E49D673005AAF2C /* MainTodoListViewController.swift in Sources */,
				14DFF4B32E49D673005AAF2C /* EditTaskInteractor.swift in Sources */,
				14DFF4B42E49D673005AAF2C /* BaseTaskViewController.swift in Sources */,
				14DFF4B52E49D673005AAF2C /* Todo+Extensions.swift in Sources */,
				14DFF4B62E49D673005AAF2C /* AddTaskViewController.swift in Sources */,
				14DFF4B72E49D673005AAF2C /* AddTaskRouter.swift in Sources */,
				14DFF4B82E49D673005AAF2C /* TodoNetworkService.swift in Sources */,
				14DFF4B92E49D673005AAF2C /* EditTaskRouter.swift in Sources */,
				14DFF4BA2E49D673005AAF2C /* EditTaskProtocols.swift in Sources */,
				14DFF4BB2E49D673005AAF2C /* ToDoEntity.swift in Sources */,
				14DFF4BC2E49D673005AAF2C /* TodoTableViewCell.swift in Sources */,
				14DFF4BD2E49D673005AAF2C /* MainTodoListInteractor.swift in Sources */,
				14DFF4BE2E49D673005AAF2C /* TodoNetworkServiceProtocol.swift in Sources */,
				14DFF4BF2E49D673005AAF2C /* EditTaskPresenter.swift in Sources */,
				14DFF4C02E49D673005AAF2C /* ToDoApp.xcdatamodeld in Sources */,
			);
			runOnlyForDeploymentPostprocessing = 0;
		};
		14958E732E3C08A30029B139 /* Sources */ = {
			isa = PBXSourcesBuildPhase;
			buildActionMask = 2147483647;
			files = (
				14DFF4C42E49D673005AAF2C /* DateFormatter+Extension.swift in Sources */,
				14DFF4C52E49D673005AAF2C /* TodoCoreDataService.swift in Sources */,
				14DFF4C62E49D673005AAF2C /* MainTodoListProtocols.swift in Sources */,
				14DFF4C72E49D673005AAF2C /* AddTaskInteractor.swift in Sources */,
				14DFF4C82E49D673005AAF2C /* EditTaskViewController.swift in Sources */,
				14DFF4C92E49D673005AAF2C /* AddTaskPresenter.swift in Sources */,
				14DFF4CA2E49D673005AAF2C /* MainTodoListRouter.swift in Sources */,
				14DFF4CB2E49D673005AAF2C /* AppDelegate.swift in Sources */,
				14DFF4CC2E49D673005AAF2C /* AddTaskProtocols.swift in Sources */,
				14DFF4CD2E49D673005AAF2C /* SceneDelegate.swift in Sources */,
				14DFF4CE2E49D673005AAF2C /* MainTodoListPresenter.swift in Sources */,
				14DFF4CF2E49D673005AAF2C /* MainTodoListViewController.swift in Sources */,
				14DFF4D02E49D673005AAF2C /* EditTaskInteractor.swift in Sources */,
				14DFF4D12E49D673005AAF2C /* BaseTaskViewController.swift in Sources */,
				14DFF4D22E49D673005AAF2C /* Todo+Extensions.swift in Sources */,
				14DFF4D32E49D673005AAF2C /* AddTaskViewController.swift in Sources */,
				14DFF4D42E49D673005AAF2C /* AddTaskRouter.swift in Sources */,
				14DFF4D52E49D673005AAF2C /* TodoNetworkService.swift in Sources */,
				14DFF4D62E49D673005AAF2C /* EditTaskRouter.swift in Sources */,
				14DFF4D72E49D673005AAF2C /* EditTaskProtocols.swift in Sources */,
				14DFF4D82E49D673005AAF2C /* ToDoEntity.swift in Sources */,
				14DFF4D92E49D673005AAF2C /* TodoTableViewCell.swift in Sources */,
				14DFF4DA2E49D673005AAF2C /* MainTodoListInteractor.swift in Sources */,
				14DFF4DB2E49D673005AAF2C /* TodoNetworkServiceProtocol.swift in Sources */,
				14DFF4DC2E49D673005AAF2C /* EditTaskPresenter.swift in Sources */,
				14DFF4DD2E49D673005AAF2C /* ToDoApp.xcdatamodeld in Sources */,
			);
			runOnlyForDeploymentPostprocessing = 0;
		};
		14958E7D2E3C08A30029B139 /* Sources */ = {
			isa = PBXSourcesBuildPhase;
			buildActionMask = 2147483647;
			files = (
			);
			runOnlyForDeploymentPostprocessing = 0;
		};
/* End PBXSourcesBuildPhase section */

/* Begin PBXTargetDependency section */
		14958E792E3C08A30029B139 /* PBXTargetDependency */ = {
			isa = PBXTargetDependency;
			target = 14958E5D2E3C08A00029B139 /* ToDoApp */;
			targetProxy = 14958E782E3C08A30029B139 /* PBXContainerItemProxy */;
		};
		14958E832E3C08A30029B139 /* PBXTargetDependency */ = {
			isa = PBXTargetDependency;
			target = 14958E5D2E3C08A00029B139 /* ToDoApp */;
			targetProxy = 14958E822E3C08A30029B139 /* PBXContainerItemProxy */;
		};
/* End PBXTargetDependency section */

/* Begin PBXVariantGroup section */
		14DFF4A22E49D673005AAF2C /* LaunchScreen.storyboard */ = {
			isa = PBXVariantGroup;
			children = (
				14DFF4A12E49D673005AAF2C /* Base */,
			);
			name = LaunchScreen.storyboard;
			sourceTree = "<group>";
		};
/* End PBXVariantGroup section */

/* Begin XCBuildConfiguration section */
		14958E8B2E3C08A30029B139 /* Debug */ = {
			isa = XCBuildConfiguration;
			buildSettings = {
				ASSETCATALOG_COMPILER_APPICON_NAME = AppIcon;
				ASSETCATALOG_COMPILER_GLOBAL_ACCENT_COLOR_NAME = AccentColor;
				CODE_SIGN_STYLE = Automatic;
				CURRENT_PROJECT_VERSION = 1;
				DEVELOPMENT_TEAM = 7V9BP9ZF45;
				GENERATE_INFOPLIST_FILE = YES;
				INFOPLIST_FILE = ToDoApp/Info.plist;
				INFOPLIST_KEY_UIApplicationSupportsIndirectInputEvents = YES;
				INFOPLIST_KEY_UILaunchStoryboardName = LaunchScreen;
				INFOPLIST_KEY_UISupportedInterfaceOrientations = UIInterfaceOrientationPortrait;
				INFOPLIST_KEY_UISupportedInterfaceOrientations_iPad = "UIInterfaceOrientationLandscapeLeft UIInterfaceOrientationLandscapeRight UIInterfaceOrientationPortrait UIInterfaceOrientationPortraitUpsideDown";
				LD_RUNPATH_SEARCH_PATHS = (
					"$(inherited)",
					"@executable_path/Frameworks",
				);
				MARKETING_VERSION = 1.0;
				PRODUCT_BUNDLE_IDENTIFIER = com.npavlovw.ToDoApp;
				PRODUCT_NAME = "$(TARGET_NAME)";
				SUPPORTED_PLATFORMS = "iphoneos iphonesimulator";
				SUPPORTS_MACCATALYST = NO;
				SUPPORTS_MAC_DESIGNED_FOR_IPHONE_IPAD = NO;
				SUPPORTS_XR_DESIGNED_FOR_IPHONE_IPAD = NO;
				SWIFT_EMIT_LOC_STRINGS = YES;
				SWIFT_VERSION = 5.0;
				TARGETED_DEVICE_FAMILY = 1;
			};
			name = Debug;
		};
		14958E8C2E3C08A30029B139 /* Release */ = {
			isa = XCBuildConfiguration;
			buildSettings = {
				ASSETCATALOG_COMPILER_APPICON_NAME = AppIcon;
				ASSETCATALOG_COMPILER_GLOBAL_ACCENT_COLOR_NAME = AccentColor;
				CODE_SIGN_STYLE = Automatic;
				CURRENT_PROJECT_VERSION = 1;
				DEVELOPMENT_TEAM = 7V9BP9ZF45;
				GENERATE_INFOPLIST_FILE = YES;
				INFOPLIST_FILE = ToDoApp/Info.plist;
				INFOPLIST_KEY_UIApplicationSupportsIndirectInputEvents = YES;
				INFOPLIST_KEY_UILaunchStoryboardName = LaunchScreen;
				INFOPLIST_KEY_UISupportedInterfaceOrientations = UIInterfaceOrientationPortrait;
				INFOPLIST_KEY_UISupportedInterfaceOrientations_iPad = "UIInterfaceOrientationLandscapeLeft UIInterfaceOrientationLandscapeRight UIInterfaceOrientationPortrait UIInterfaceOrientationPortraitUpsideDown";
				LD_RUNPATH_SEARCH_PATHS = (
					"$(inherited)",
					"@executable_path/Frameworks",
				);
				MARKETING_VERSION = 1.0;
				PRODUCT_BUNDLE_IDENTIFIER = com.npavlovw.ToDoApp;
				PRODUCT_NAME = "$(TARGET_NAME)";
				SUPPORTED_PLATFORMS = "iphoneos iphonesimulator";
				SUPPORTS_MACCATALYST = NO;
				SUPPORTS_MAC_DESIGNED_FOR_IPHONE_IPAD = NO;
				SUPPORTS_XR_DESIGNED_FOR_IPHONE_IPAD = NO;
				SWIFT_EMIT_LOC_STRINGS = YES;
				SWIFT_VERSION = 5.0;
				TARGETED_DEVICE_FAMILY = 1;
			};
			name = Release;
		};
		14958E8D2E3C08A30029B139 /* Debug */ = {
			isa = XCBuildConfiguration;
			buildSettings = {
				ALWAYS_SEARCH_USER_PATHS = NO;
				ASSETCATALOG_COMPILER_GENERATE_SWIFT_ASSET_SYMBOL_EXTENSIONS = YES;
				CLANG_ANALYZER_NONNULL = YES;
				CLANG_ANALYZER_NUMBER_OBJECT_CONVERSION = YES_AGGRESSIVE;
				CLANG_CXX_LANGUAGE_STANDARD = "gnu++20";
				CLANG_ENABLE_MODULES = YES;
				CLANG_ENABLE_OBJC_ARC = YES;
				CLANG_ENABLE_OBJC_WEAK = YES;
				CLANG_WARN_BLOCK_CAPTURE_AUTORELEASING = YES;
				CLANG_WARN_BOOL_CONVERSION = YES;
				CLANG_WARN_COMMA = YES;
				CLANG_WARN_CONSTANT_CONVERSION = YES;
				CLANG_WARN_DEPRECATED_OBJC_IMPLEMENTATIONS = YES;
				CLANG_WARN_DIRECT_OBJC_ISA_USAGE = YES_ERROR;
				CLANG_WARN_DOCUMENTATION_COMMENTS = YES;
				CLANG_WARN_EMPTY_BODY = YES;
				CLANG_WARN_ENUM_CONVERSION = YES;
				CLANG_WARN_INFINITE_RECURSION = YES;
				CLANG_WARN_INT_CONVERSION = YES;
				CLANG_WARN_NON_LITERAL_NULL_CONVERSION = YES;
				CLANG_WARN_OBJC_IMPLICIT_RETAIN_SELF = YES;
				CLANG_WARN_OBJC_LITERAL_CONVERSION = YES;
				CLANG_WARN_OBJC_ROOT_CLASS = YES_ERROR;
				CLANG_WARN_QUOTED_INCLUDE_IN_FRAMEWORK_HEADER = YES;
				CLANG_WARN_RANGE_LOOP_ANALYSIS = YES;
				CLANG_WARN_STRICT_PROTOTYPES = YES;
				CLANG_WARN_SUSPICIOUS_MOVE = YES;
				CLANG_WARN_UNGUARDED_AVAILABILITY = YES_AGGRESSIVE;
				CLANG_WARN_UNREACHABLE_CODE = YES;
				CLANG_WARN__DUPLICATE_METHOD_MATCH = YES;
				COPY_PHASE_STRIP = NO;
				DEBUG_INFORMATION_FORMAT = dwarf;
				DEVELOPMENT_TEAM = 7V9BP9ZF45;
				ENABLE_STRICT_OBJC_MSGSEND = YES;
				ENABLE_TESTABILITY = YES;
				ENABLE_USER_SCRIPT_SANDBOXING = YES;
				GCC_C_LANGUAGE_STANDARD = gnu17;
				GCC_DYNAMIC_NO_PIC = NO;
				GCC_NO_COMMON_BLOCKS = YES;
				GCC_OPTIMIZATION_LEVEL = 0;
				GCC_PREPROCESSOR_DEFINITIONS = (
					"DEBUG=1",
					"$(inherited)",
				);
				GCC_WARN_64_TO_32_BIT_CONVERSION = YES;
				GCC_WARN_ABOUT_RETURN_TYPE = YES_ERROR;
				GCC_WARN_UNDECLARED_SELECTOR = YES;
				GCC_WARN_UNINITIALIZED_AUTOS = YES_AGGRESSIVE;
				GCC_WARN_UNUSED_FUNCTION = YES;
				GCC_WARN_UNUSED_VARIABLE = YES;
				IPHONEOS_DEPLOYMENT_TARGET = 18.5;
				LOCALIZATION_PREFERS_STRING_CATALOGS = YES;
				MTL_ENABLE_DEBUG_INFO = INCLUDE_SOURCE;
				MTL_FAST_MATH = YES;
				ONLY_ACTIVE_ARCH = YES;
				SDKROOT = iphoneos;
				SWIFT_ACTIVE_COMPILATION_CONDITIONS = "DEBUG $(inherited)";
				SWIFT_OPTIMIZATION_LEVEL = "-Onone";
			};
			name = Debug;
		};
		14958E8E2E3C08A30029B139 /* Release */ = {
			isa = XCBuildConfiguration;
			buildSettings = {
				ALWAYS_SEARCH_USER_PATHS = NO;
				ASSETCATALOG_COMPILER_GENERATE_SWIFT_ASSET_SYMBOL_EXTENSIONS = YES;
				CLANG_ANALYZER_NONNULL = YES;
				CLANG_ANALYZER_NUMBER_OBJECT_CONVERSION = YES_AGGRESSIVE;
				CLANG_CXX_LANGUAGE_STANDARD = "gnu++20";
				CLANG_ENABLE_MODULES = YES;
				CLANG_ENABLE_OBJC_ARC = YES;
				CLANG_ENABLE_OBJC_WEAK = YES;
				CLANG_WARN_BLOCK_CAPTURE_AUTORELEASING = YES;
				CLANG_WARN_BOOL_CONVERSION = YES;
				CLANG_WARN_COMMA = YES;
				CLANG_WARN_CONSTANT_CONVERSION = YES;
				CLANG_WARN_DEPRECATED_OBJC_IMPLEMENTATIONS = YES;
				CLANG_WARN_DIRECT_OBJC_ISA_USAGE = YES_ERROR;
				CLANG_WARN_DOCUMENTATION_COMMENTS = YES;
				CLANG_WARN_EMPTY_BODY = YES;
				CLANG_WARN_ENUM_CONVERSION = YES;
				CLANG_WARN_INFINITE_RECURSION = YES;
				CLANG_WARN_INT_CONVERSION = YES;
				CLANG_WARN_NON_LITERAL_NULL_CONVERSION = YES;
				CLANG_WARN_OBJC_IMPLICIT_RETAIN_SELF = YES;
				CLANG_WARN_OBJC_LITERAL_CONVERSION = YES;
				CLANG_WARN_OBJC_ROOT_CLASS = YES_ERROR;
				CLANG_WARN_QUOTED_INCLUDE_IN_FRAMEWORK_HEADER = YES;
				CLANG_WARN_RANGE_LOOP_ANALYSIS = YES;
				CLANG_WARN_STRICT_PROTOTYPES = YES;
				CLANG_WARN_SUSPICIOUS_MOVE = YES;
				CLANG_WARN_UNGUARDED_AVAILABILITY = YES_AGGRESSIVE;
				CLANG_WARN_UNREACHABLE_CODE = YES;
				CLANG_WARN__DUPLICATE_METHOD_MATCH = YES;
				COPY_PHASE_STRIP = NO;
				DEBUG_INFORMATION_FORMAT = "dwarf-with-dsym";
				DEVELOPMENT_TEAM = 7V9BP9ZF45;
				ENABLE_NS_ASSERTIONS = NO;
				ENABLE_STRICT_OBJC_MSGSEND = YES;
				ENABLE_USER_SCRIPT_SANDBOXING = YES;
				GCC_C_LANGUAGE_STANDARD = gnu17;
				GCC_NO_COMMON_BLOCKS = YES;
				GCC_WARN_64_TO_32_BIT_CONVERSION = YES;
				GCC_WARN_ABOUT_RETURN_TYPE = YES_ERROR;
				GCC_WARN_UNDECLARED_SELECTOR = YES;
				GCC_WARN_UNINITIALIZED_AUTOS = YES_AGGRESSIVE;
				GCC_WARN_UNUSED_FUNCTION = YES;
				GCC_WARN_UNUSED_VARIABLE = YES;
				IPHONEOS_DEPLOYMENT_TARGET = 18.5;
				LOCALIZATION_PREFERS_STRING_CATALOGS = YES;
				MTL_ENABLE_DEBUG_INFO = NO;
				MTL_FAST_MATH = YES;
				SDKROOT = iphoneos;
				SWIFT_COMPILATION_MODE = wholemodule;
				VALIDATE_PRODUCT = YES;
			};
			name = Release;
		};
		14958E902E3C08A30029B139 /* Debug */ = {
			isa = XCBuildConfiguration;
			buildSettings = {
				BUNDLE_LOADER = "$(TEST_HOST)";
				CODE_SIGN_STYLE = Automatic;
				CURRENT_PROJECT_VERSION = 1;
				DEVELOPMENT_TEAM = 7V9BP9ZF45;
				GENERATE_INFOPLIST_FILE = YES;
				IPHONEOS_DEPLOYMENT_TARGET = 18.5;
				MARKETING_VERSION = 1.0;
				PRODUCT_BUNDLE_IDENTIFIER = com.npavlovw.ToDoAppTests;
				PRODUCT_NAME = "$(TARGET_NAME)";
				SWIFT_EMIT_LOC_STRINGS = NO;
				SWIFT_VERSION = 5.0;
				TARGETED_DEVICE_FAMILY = "1,2";
				TEST_HOST = "$(BUILT_PRODUCTS_DIR)/ToDoApp.app/$(BUNDLE_EXECUTABLE_FOLDER_PATH)/ToDoApp";
			};
			name = Debug;
		};
		14958E912E3C08A30029B139 /* Release */ = {
			isa = XCBuildConfiguration;
			buildSettings = {
				BUNDLE_LOADER = "$(TEST_HOST)";
				CODE_SIGN_STYLE = Automatic;
				CURRENT_PROJECT_VERSION = 1;
				DEVELOPMENT_TEAM = 7V9BP9ZF45;
				GENERATE_INFOPLIST_FILE = YES;
				IPHONEOS_DEPLOYMENT_TARGET = 18.5;
				MARKETING_VERSION = 1.0;
				PRODUCT_BUNDLE_IDENTIFIER = com.npavlovw.ToDoAppTests;
				PRODUCT_NAME = "$(TARGET_NAME)";
				SWIFT_EMIT_LOC_STRINGS = NO;
				SWIFT_VERSION = 5.0;
				TARGETED_DEVICE_FAMILY = "1,2";
				TEST_HOST = "$(BUILT_PRODUCTS_DIR)/ToDoApp.app/$(BUNDLE_EXECUTABLE_FOLDER_PATH)/ToDoApp";
			};
			name = Release;
		};
		14958E932E3C08A30029B139 /* Debug */ = {
			isa = XCBuildConfiguration;
			buildSettings = {
				CODE_SIGN_STYLE = Automatic;
				CURRENT_PROJECT_VERSION = 1;
				DEVELOPMENT_TEAM = 7V9BP9ZF45;
				GENERATE_INFOPLIST_FILE = YES;
				MARKETING_VERSION = 1.0;
				PRODUCT_BUNDLE_IDENTIFIER = com.npavlovw.ToDoAppUITests;
				PRODUCT_NAME = "$(TARGET_NAME)";
				SWIFT_EMIT_LOC_STRINGS = NO;
				SWIFT_VERSION = 5.0;
				TARGETED_DEVICE_FAMILY = "1,2";
				TEST_TARGET_NAME = ToDoApp;
			};
			name = Debug;
		};
		14958E942E3C08A30029B139 /* Release */ = {
			isa = XCBuildConfiguration;
			buildSettings = {
				CODE_SIGN_STYLE = Automatic;
				CURRENT_PROJECT_VERSION = 1;
				DEVELOPMENT_TEAM = 7V9BP9ZF45;
				GENERATE_INFOPLIST_FILE = YES;
				MARKETING_VERSION = 1.0;
				PRODUCT_BUNDLE_IDENTIFIER = com.npavlovw.ToDoAppUITests;
				PRODUCT_NAME = "$(TARGET_NAME)";
				SWIFT_EMIT_LOC_STRINGS = NO;
				SWIFT_VERSION = 5.0;
				TARGETED_DEVICE_FAMILY = "1,2";
				TEST_TARGET_NAME = ToDoApp;
			};
			name = Release;
		};
/* End XCBuildConfiguration section */

/* Begin XCConfigurationList section */
		14958E592E3C08A00029B139 /* Build configuration list for PBXProject "ToDoApp" */ = {
			isa = XCConfigurationList;
			buildConfigurations = (
				14958E8D2E3C08A30029B139 /* Debug */,
				14958E8E2E3C08A30029B139 /* Release */,
			);
			defaultConfigurationIsVisible = 0;
			defaultConfigurationName = Release;
		};
		14958E8A2E3C08A30029B139 /* Build configuration list for PBXNativeTarget "ToDoApp" */ = {
			isa = XCConfigurationList;
			buildConfigurations = (
				14958E8B2E3C08A30029B139 /* Debug */,
				14958E8C2E3C08A30029B139 /* Release */,
			);
			defaultConfigurationIsVisible = 0;
			defaultConfigurationName = Release;
		};
		14958E8F2E3C08A30029B139 /* Build configuration list for PBXNativeTarget "ToDoAppTests" */ = {
			isa = XCConfigurationList;
			buildConfigurations = (
				14958E902E3C08A30029B139 /* Debug */,
				14958E912E3C08A30029B139 /* Release */,
			);
			defaultConfigurationIsVisible = 0;
			defaultConfigurationName = Release;
		};
		14958E922E3C08A30029B139 /* Build configuration list for PBXNativeTarget "ToDoAppUITests" */ = {
			isa = XCConfigurationList;
			buildConfigurations = (
				14958E932E3C08A30029B139 /* Debug */,
				14958E942E3C08A30029B139 /* Release */,
			);
			defaultConfigurationIsVisible = 0;
			defaultConfigurationName = Release;
		};
/* End XCConfigurationList section */

/* Begin XCRemoteSwiftPackageReference section */
		143E4FCF2E3D5ECC0056DA9D /* XCRemoteSwiftPackageReference "SnapKit" */ = {
			isa = XCRemoteSwiftPackageReference;
			repositoryURL = "https://github.com/SnapKit/SnapKit";
			requirement = {
				kind = upToNextMajorVersion;
				minimumVersion = 5.7.1;
			};
		};
/* End XCRemoteSwiftPackageReference section */

/* Begin XCSwiftPackageProductDependency section */
		143E4FD02E3D5ECC0056DA9D /* SnapKit */ = {
			isa = XCSwiftPackageProductDependency;
			package = 143E4FCF2E3D5ECC0056DA9D /* XCRemoteSwiftPackageReference "SnapKit" */;
			productName = SnapKit;
		};
/* End XCSwiftPackageProductDependency section */

/* Begin XCVersionGroup section */
		14DFF4A42E49D673005AAF2C /* ToDoApp.xcdatamodeld */ = {
			isa = XCVersionGroup;
			children = (
				14DFF4A62E49D673005AAF2C /* ToDoApp.xcdatamodel */,
			);
			currentVersion = 14DFF4A62E49D673005AAF2C /* ToDoApp.xcdatamodel */;
			path = ToDoApp.xcdatamodeld;
			sourceTree = "<group>";
			versionGroupType = wrapper.xcdatamodel;
		};
/* End XCVersionGroup section */
	};
	rootObject = 14958E562E3C08A00029B139 /* Project object */;
}
